{
  "name": "momphoto",
  "lockfileVersion": 3,
  "requires": true,
  "packages": {
    "": {
      "dependencies": {
        "@sendgrid/mail": "^8.1.5"
      }
    },
    "node_modules/@sendgrid/client": {
      "version": "8.1.5",
      "license": "MIT",
      "dependencies": {
        "@sendgrid/helpers": "^8.0.0",
        "axios": "^1.8.2"
      },
      "engines": {
        "node": ">=12.*"
      }
    },
    "node_modules/@sendgrid/helpers": {
      "version": "8.0.0",
      "license": "MIT",
      "dependencies": {
        "deepmerge": "^4.2.2"
      },
      "engines": {
        "node": ">= 12.0.0"
      }
    },
    "node_modules/@sendgrid/mail": {
      "version": "8.1.5",
      "resolved": "https://registry.npmjs.org/@sendgrid/mail/-/mail-8.1.5.tgz",
      "integrity": "sha512-W+YuMnkVs4+HA/bgfto4VHKcPKLc7NiZ50/NH2pzO6UHCCFuq8/GNB98YJlLEr/ESDyzAaDr7lVE7hoBwFTT3Q==",
      "license": "MIT",
      "dependencies": {
        "@sendgrid/client": "^8.1.5",
        "@sendgrid/helpers": "^8.0.0"
      },
      "engines": {
        "node": ">=12.*"
      }
    },
    "node_modules/axios": {},
    "node_modules/deepmerge": {
      "version": "4.3.1",
      "license": "MIT",
      "engines": {
        "node": ">=0.10.0"
      }
    }
  }
}
